
Microsoft Visual Studio Solution File, Format Version 12.00
# Visual Studio Version 17
VisualStudioVersion = 17.8.34309.116
MinimumVisualStudioVersion = 10.0.40219.1
Project("{9A19103F-16F7-4668-BE54-9A1E7A4F7556}") = "ReadieFur.SourceAnalyzer.Test.Live", "ReadieFur.SourceAnalyzer.Test.Live.csproj", "{580D0A2D-A2E0-4C02-8D02-A19DC67ADDF8}"
EndProject
Project("{D954291E-2A0B-460D-934E-DC6B0785DB48}") = "ReadieFur.SourceAnalyzer.Shared", "..\ReadieFur.SourceAnalyzer.Shared\ReadieFur.SourceAnalyzer.Shared.shproj", "{15A5756B-B82A-41D0-98D6-4AA5F1FAD10B}"
EndProject
Global
	GlobalSection(SolutionConfigurationPlatforms) = preSolution
		Debug|Any CPU = Debug|Any CPU
		Release|Any CPU = Release|Any CPU
	EndGlobalSection
	GlobalSection(ProjectConfigurationPlatforms) = postSolution
		{580D0A2D-A2E0-4C02-8D02-A19DC67ADDF8}.Debug|Any CPU.ActiveCfg = Debug|Any CPU
		{580D0A2D-A2E0-4C02-8D02-A19DC67ADDF8}.Debug|Any CPU.Build.0 = Debug|Any CPU
		{580D0A2D-A2E0-4C02-8D02-A19DC67ADDF8}.Release|Any CPU.ActiveCfg = Release|Any CPU
		{580D0A2D-A2E0-4C02-8D02-A19DC67ADDF8}.Release|Any CPU.Build.0 = Release|Any CPU
	EndGlobalSection
	GlobalSection(SolutionProperties) = preSolution
		HideSolutionNode = FALSE
	EndGlobalSection
	GlobalSection(ExtensibilityGlobals) = postSolution
		SolutionGuid = {84EB8BAF-0145-423B-9B8A-BAD58C315D3A}
	EndGlobalSection
	GlobalSection(SharedMSBuildProjectFiles) = preSolution
		..\ReadieFur.SourceAnalyzer.Shared\ReadieFur.SourceAnalyzer.Shared.projitems*{15a5756b-b82a-41d0-98d6-4aa5f1fad10b}*SharedItemsImports = 13
	EndGlobalSection
EndGlobal
