
Microsoft Visual Studio Solution File, Format Version 12.00
# Visual Studio Version 17
VisualStudioVersion = 17.8.34309.116
MinimumVisualStudioVersion = 10.0.40219.1
Project("{FAE04EC0-301F-11D3-BF4B-00C04F79EFBC}") = "ReadieFur.SourceAnalyzer.VSIX", "ReadieFur.SourceAnalyzer.VSIX\ReadieFur.SourceAnalyzer.VSIX.csproj", "{F3AC4941-DDB5-4AAA-B198-B0E5B78710CF}"
EndProject
Project("{D954291E-2A0B-460D-934E-DC6B0785DB48}") = "ReadieFur.SourceAnalyzer.Core", "ReadieFur.SourceAnalyzer.Core\ReadieFur.SourceAnalyzer.Core.shproj", "{CFE8E53C-D2B4-4A65-A79B-F7E8FB460DD0}"
EndProject
Project("{FAE04EC0-301F-11D3-BF4B-00C04F79EFBC}") = "ReadieFur.SourceAnalyzer.UnitTests", "ReadieFur.SourceAnalyzer.UnitTests\ReadieFur.SourceAnalyzer.UnitTests.csproj", "{FB2CC5EA-2DAE-458F-8991-25F437E0D4A7}"
EndProject
Project("{D954291E-2A0B-460D-934E-DC6B0785DB48}") = "ReadieFur.SourceAnalyzer.StandaloneHelpers", "ReadieFur.SourceAnalyzer.StandaloneHelpers\ReadieFur.SourceAnalyzer.StandaloneHelpers.shproj", "{7C9676C1-AEB0-41C2-98EE-B21D90524C6F}"
EndProject
Global
	GlobalSection(SolutionConfigurationPlatforms) = preSolution
		Debug|Any CPU = Debug|Any CPU
		Debug|arm64 = Debug|arm64
		Debug|x86 = Debug|x86
		Release|Any CPU = Release|Any CPU
		Release|arm64 = Release|arm64
		Release|x86 = Release|x86
	EndGlobalSection
	GlobalSection(ProjectConfigurationPlatforms) = postSolution
		{F3AC4941-DDB5-4AAA-B198-B0E5B78710CF}.Debug|Any CPU.ActiveCfg = Debug|Any CPU
		{F3AC4941-DDB5-4AAA-B198-B0E5B78710CF}.Debug|Any CPU.Build.0 = Debug|Any CPU
		{F3AC4941-DDB5-4AAA-B198-B0E5B78710CF}.Debug|arm64.ActiveCfg = Debug|arm64
		{F3AC4941-DDB5-4AAA-B198-B0E5B78710CF}.Debug|arm64.Build.0 = Debug|arm64
		{F3AC4941-DDB5-4AAA-B198-B0E5B78710CF}.Debug|x86.ActiveCfg = Debug|x86
		{F3AC4941-DDB5-4AAA-B198-B0E5B78710CF}.Debug|x86.Build.0 = Debug|x86
		{F3AC4941-DDB5-4AAA-B198-B0E5B78710CF}.Release|Any CPU.ActiveCfg = Release|Any CPU
		{F3AC4941-DDB5-4AAA-B198-B0E5B78710CF}.Release|Any CPU.Build.0 = Release|Any CPU
		{F3AC4941-DDB5-4AAA-B198-B0E5B78710CF}.Release|arm64.ActiveCfg = Release|arm64
		{F3AC4941-DDB5-4AAA-B198-B0E5B78710CF}.Release|arm64.Build.0 = Release|arm64
		{F3AC4941-DDB5-4AAA-B198-B0E5B78710CF}.Release|x86.ActiveCfg = Release|x86
		{F3AC4941-DDB5-4AAA-B198-B0E5B78710CF}.Release|x86.Build.0 = Release|x86
		{FB2CC5EA-2DAE-458F-8991-25F437E0D4A7}.Debug|Any CPU.ActiveCfg = Debug|Any CPU
		{FB2CC5EA-2DAE-458F-8991-25F437E0D4A7}.Debug|Any CPU.Build.0 = Debug|Any CPU
		{FB2CC5EA-2DAE-458F-8991-25F437E0D4A7}.Debug|arm64.ActiveCfg = Debug|Any CPU
		{FB2CC5EA-2DAE-458F-8991-25F437E0D4A7}.Debug|arm64.Build.0 = Debug|Any CPU
		{FB2CC5EA-2DAE-458F-8991-25F437E0D4A7}.Debug|x86.ActiveCfg = Debug|Any CPU
		{FB2CC5EA-2DAE-458F-8991-25F437E0D4A7}.Debug|x86.Build.0 = Debug|Any CPU
		{FB2CC5EA-2DAE-458F-8991-25F437E0D4A7}.Release|Any CPU.ActiveCfg = Release|Any CPU
		{FB2CC5EA-2DAE-458F-8991-25F437E0D4A7}.Release|Any CPU.Build.0 = Release|Any CPU
		{FB2CC5EA-2DAE-458F-8991-25F437E0D4A7}.Release|arm64.ActiveCfg = Release|Any CPU
		{FB2CC5EA-2DAE-458F-8991-25F437E0D4A7}.Release|arm64.Build.0 = Release|Any CPU
		{FB2CC5EA-2DAE-458F-8991-25F437E0D4A7}.Release|x86.ActiveCfg = Release|Any CPU
		{FB2CC5EA-2DAE-458F-8991-25F437E0D4A7}.Release|x86.Build.0 = Release|Any CPU
	EndGlobalSection
	GlobalSection(SolutionProperties) = preSolution
		HideSolutionNode = FALSE
	EndGlobalSection
	GlobalSection(ExtensibilityGlobals) = postSolution
		SolutionGuid = {D222029D-10FA-4412-8A8C-3BA7432D5D4C}
	EndGlobalSection
	GlobalSection(SharedMSBuildProjectFiles) = preSolution
		ReadieFur.SourceAnalyzer.StandaloneHelpers\ReadieFur.SourceAnalyzer.StandaloneHelpers.projitems*{7c9676c1-aeb0-41c2-98ee-b21d90524c6f}*SharedItemsImports = 13
		ReadieFur.SourceAnalyzer.Core\ReadieFur.SourceAnalyzer.Core.projitems*{cfe8e53c-d2b4-4a65-a79b-f7e8fb460dd0}*SharedItemsImports = 13
		ReadieFur.SourceAnalyzer.Core\ReadieFur.SourceAnalyzer.Core.projitems*{f3ac4941-ddb5-4aaa-b198-b0e5b78710cf}*SharedItemsImports = 4
		ReadieFur.SourceAnalyzer.Core\ReadieFur.SourceAnalyzer.Core.projitems*{fb2cc5ea-2dae-458f-8991-25f437e0d4a7}*SharedItemsImports = 5
		ReadieFur.SourceAnalyzer.StandaloneHelpers\ReadieFur.SourceAnalyzer.StandaloneHelpers.projitems*{fb2cc5ea-2dae-458f-8991-25f437e0d4a7}*SharedItemsImports = 5
	EndGlobalSection
EndGlobal
