
Microsoft Visual Studio Solution File, Format Version 12.00
# Visual Studio Version 17
VisualStudioVersion = 17.8.34309.116
MinimumVisualStudioVersion = 10.0.40219.1
Project("{FAE04EC0-301F-11D3-BF4B-00C04F79EFBC}") = "ReadieFur.SourceAnalyzer.VSIX", "ReadieFur.SourceAnalyzer.VSIX\ReadieFur.SourceAnalyzer.VSIX.csproj", "{DA4B3BE0-62FC-44D0-AF8A-27A19F163D1D}"
EndProject
Project("{FAE04EC0-301F-11D3-BF4B-00C04F79EFBC}") = "ReadieFur.SourceAnalyzer.Core", "ReadieFur.SourceAnalyzer.Core\ReadieFur.SourceAnalyzer.Core.csproj", "{63039863-C6CE-4214-9957-6D6472C0EF00}"
EndProject
Global
	GlobalSection(SolutionConfigurationPlatforms) = preSolution
		Debug|Any CPU = Debug|Any CPU
		Debug|arm64 = Debug|arm64
		Debug|x86 = Debug|x86
		Release|Any CPU = Release|Any CPU
		Release|arm64 = Release|arm64
		Release|x86 = Release|x86
	EndGlobalSection
	GlobalSection(ProjectConfigurationPlatforms) = postSolution
		{DA4B3BE0-62FC-44D0-AF8A-27A19F163D1D}.Debug|Any CPU.ActiveCfg = Debug|Any CPU
		{DA4B3BE0-62FC-44D0-AF8A-27A19F163D1D}.Debug|Any CPU.Build.0 = Debug|Any CPU
		{DA4B3BE0-62FC-44D0-AF8A-27A19F163D1D}.Debug|arm64.ActiveCfg = Debug|arm64
		{DA4B3BE0-62FC-44D0-AF8A-27A19F163D1D}.Debug|arm64.Build.0 = Debug|arm64
		{DA4B3BE0-62FC-44D0-AF8A-27A19F163D1D}.Debug|x86.ActiveCfg = Debug|x86
		{DA4B3BE0-62FC-44D0-AF8A-27A19F163D1D}.Debug|x86.Build.0 = Debug|x86
		{DA4B3BE0-62FC-44D0-AF8A-27A19F163D1D}.Release|Any CPU.ActiveCfg = Release|Any CPU
		{DA4B3BE0-62FC-44D0-AF8A-27A19F163D1D}.Release|Any CPU.Build.0 = Release|Any CPU
		{DA4B3BE0-62FC-44D0-AF8A-27A19F163D1D}.Release|arm64.ActiveCfg = Release|arm64
		{DA4B3BE0-62FC-44D0-AF8A-27A19F163D1D}.Release|arm64.Build.0 = Release|arm64
		{DA4B3BE0-62FC-44D0-AF8A-27A19F163D1D}.Release|x86.ActiveCfg = Release|x86
		{DA4B3BE0-62FC-44D0-AF8A-27A19F163D1D}.Release|x86.Build.0 = Release|x86
		{63039863-C6CE-4214-9957-6D6472C0EF00}.Debug|Any CPU.ActiveCfg = Debug|Any CPU
		{63039863-C6CE-4214-9957-6D6472C0EF00}.Debug|Any CPU.Build.0 = Debug|Any CPU
		{63039863-C6CE-4214-9957-6D6472C0EF00}.Debug|arm64.ActiveCfg = Debug|Any CPU
		{63039863-C6CE-4214-9957-6D6472C0EF00}.Debug|arm64.Build.0 = Debug|Any CPU
		{63039863-C6CE-4214-9957-6D6472C0EF00}.Debug|x86.ActiveCfg = Debug|Any CPU
		{63039863-C6CE-4214-9957-6D6472C0EF00}.Debug|x86.Build.0 = Debug|Any CPU
		{63039863-C6CE-4214-9957-6D6472C0EF00}.Release|Any CPU.ActiveCfg = Release|Any CPU
		{63039863-C6CE-4214-9957-6D6472C0EF00}.Release|Any CPU.Build.0 = Release|Any CPU
		{63039863-C6CE-4214-9957-6D6472C0EF00}.Release|arm64.ActiveCfg = Release|Any CPU
		{63039863-C6CE-4214-9957-6D6472C0EF00}.Release|arm64.Build.0 = Release|Any CPU
		{63039863-C6CE-4214-9957-6D6472C0EF00}.Release|x86.ActiveCfg = Release|Any CPU
		{63039863-C6CE-4214-9957-6D6472C0EF00}.Release|x86.Build.0 = Release|Any CPU
	EndGlobalSection
	GlobalSection(SolutionProperties) = preSolution
		HideSolutionNode = FALSE
	EndGlobalSection
	GlobalSection(ExtensibilityGlobals) = postSolution
		SolutionGuid = {D222029D-10FA-4412-8A8C-3BA7432D5D4C}
	EndGlobalSection
EndGlobal
